# This file was autogenerated by Stack.
# You should not edit this file by hand.
# For more information, please see the documentation at:
#   https://docs.haskellstack.org/en/stable/lock_files

packages:
- completed:
    hackage: Spock-0.13.0.0@sha256:163ef2698fed8f5801428d8dbe794fd126415a5ff3304b227750fdc4037497be,3745
    pantry-tree:
      size: 1118
      sha256: 9ddd674e7a88e8495727a1857976ee3e5ef5dfa733e379416eb12a42781d586c
  original:
    hackage: Spock-0.13.0.0@sha256:163ef2698fed8f5801428d8dbe794fd126415a5ff3304b227750fdc4037497be,3745
- completed:
    hackage: Spock-core-0.13.0.0@sha256:06e007f23c47bdda52d2927da54160d73f1b6f51a977f3ca9087275698db8f0a,3400
    pantry-tree:
      size: 1113
      sha256: 86140298020f68bb09d07b26a6a6f1666fc3a02715d7986b09150727247a1a84
  original:
    hackage: Spock-core-0.13.0.0@sha256:06e007f23c47bdda52d2927da54160d73f1b6f51a977f3ca9087275698db8f0a,3400
- completed:
    hackage: reroute-0.5.0.0@sha256:3360747cdc700c9808a38bff48b75926efa443d4af282396082329a218a8d9d3,2446
    pantry-tree:
      size: 660
      sha256: 52afcff0a5dba2fb746be4fa8cfa56cf774272872b61130537fe0e7ad463c0cd
  original:
    hackage: reroute-0.5.0.0@sha256:3360747cdc700c9808a38bff48b75926efa443d4af282396082329a218a8d9d3,2446
- completed:
    hackage: stm-containers-0.2.16@sha256:e98efa8dcf0045ea8a78a04b4e2763cf2d8bc33aad0750e2f30a67f8f4e933b1,8454
    pantry-tree:
      size: 1564
      sha256: 00d9830990f351bda6b5322ec4adab4386d0a36d3f1a997ec378434c2923f376
  original:
    hackage: stm-containers-0.2.16@sha256:e98efa8dcf0045ea8a78a04b4e2763cf2d8bc33aad0750e2f30a67f8f4e933b1,8454
- completed:
    hackage: focus-0.1.5.2@sha256:fc5c76a5be3a9a1c456106d6f389939299c7e05a1a24938b909f043e36a3e37b,1519
    pantry-tree:
      size: 206
      sha256: b8371b82b496602010a3a5b8e33a0e9108a5a3c70d99f842859bae89face740c
  original:
    hackage: focus-0.1.5.2@sha256:fc5c76a5be3a9a1c456106d6f389939299c7e05a1a24938b909f043e36a3e37b,1519
- completed:
    hackage: Spock-lucid-0.4.0.1@sha256:fa2c6ae737bad26767820af29c913140a657acbf745e90c9f9d4a184953855dc,1117
    pantry-tree:
      size: 269
      sha256: e0c8e85d0fce0a307ef5c52f9e00beebc3a79f984338ec088e9e6f15a2879209
  original:
    hackage: Spock-lucid-0.4.0.1@sha256:fa2c6ae737bad26767820af29c913140a657acbf745e90c9f9d4a184953855dc,1117
- completed:
    hackage: Chart-cairo-1.9.3@sha256:05cecda5743954e43c8eabea788e0c19300c305346febee727ce578f69e30748,879
    pantry-tree:
      size: 238
      sha256: e00876230cd7553283f0cf6e437709c6e0e81f7166d20b251329ae76ff7d2462
  original:
    hackage: Chart-cairo-1.9.3@sha256:05cecda5743954e43c8eabea788e0c19300c305346febee727ce578f69e30748,879
- completed:
    hackage: cairo-0.13.8.0@sha256:9b64a376ebaa4f153bba5866a32291fd4bed48147009cce9158ce6533928eba8,4075
    pantry-tree:
      size: 2830
      sha256: 07aeb4b5eaa1d8201f67f4b8011aaf182ceb4e558066e59d482485fc02895994
  original:
    hackage: cairo-0.13.8.0@sha256:9b64a376ebaa4f153bba5866a32291fd4bed48147009cce9158ce6533928eba8,4075
- completed:
    hackage: gtk2hs-buildtools-0.13.8.0@sha256:132f38155fc677430a47ea750918973161c876fb6f281d342ac2f07eb99229ce,5238
    pantry-tree:
      size: 3588
      sha256: 4552e3c0f2ef0f16285c38898d7e2b6aeea67d4e37cd203b0c82f70592096c45
  original:
    hackage: gtk2hs-buildtools-0.13.8.0@sha256:132f38155fc677430a47ea750918973161c876fb6f281d342ac2f07eb99229ce,5238
- completed:
    hackage: average-0.6.1@sha256:90c8c1d4ece76a1f1b43f1a6bef7ba15340a2bec8e2efbb465884d6b50b5d174,849
    pantry-tree:
      size: 217
      sha256: 92e7a2f5c6cd377caa5db8e985b54c1253b96a4f94e27a275fa9b3d0f61688d6
  original:
    hackage: average-0.6.1@sha256:90c8c1d4ece76a1f1b43f1a6bef7ba15340a2bec8e2efbb465884d6b50b5d174,849
snapshots:
- completed:
    size: 524162
    url: https://raw.githubusercontent.com/commercialhaskell/stackage-snapshots/master/lts/14/21.yaml
    sha256: 9a55dd75853718f2bbbe951872b36a3b7802fcd71796e0f25b8664f24e34c666
  original: lts-14.21
